
Microsoft Visual Studio Solution File, Format Version 12.00
# Visual Studio 2013
VisualStudioVersion = 12.0.21005.1
MinimumVisualStudioVersion = 10.0.40219.1
Project("{FAE04EC0-301F-11D3-BF4B-00C04F79EFBC}") = "LargestCommonEnd", "ArraysMayExcercises\LargestCommonEnd.csproj", "{5ED5779E-C00E-43E4-A700-8E403F380B61}"
EndProject
Project("{FAE04EC0-301F-11D3-BF4B-00C04F79EFBC}") = "RotateAndSum", "RotateAndSum\RotateAndSum.csproj", "{9B03B88F-07EA-43AA-953B-B3BCE6BA42DC}"
EndProject
Project("{FAE04EC0-301F-11D3-BF4B-00C04F79EFBC}") = "FoldAndSum", "FoldAndSum\FoldAndSum.csproj", "{9415CB29-4231-41D1-866B-A05BEC284B82}"
EndProject
Project("{FAE04EC0-301F-11D3-BF4B-00C04F79EFBC}") = "CompareCharArrays", "CompareCharArrays\CompareCharArrays.csproj", "{78EE3CCB-71E5-40DE-B3DE-FE75250F2262}"
EndProject
Project("{FAE04EC0-301F-11D3-BF4B-00C04F79EFBC}") = "MaxSequenceOfEqualElements", "MaxSequenceOfEqualElements\MaxSequenceOfEqualElements.csproj", "{EF210AFB-8D7C-43D5-BA2C-37248A40E14A}"
EndProject
Project("{FAE04EC0-301F-11D3-BF4B-00C04F79EFBC}") = "IndexOfLetters", "IndexOfLetters\IndexOfLetters.csproj", "{BC4BC0BA-819D-405F-972A-68346B62C8D4}"
EndProject
Project("{FAE04EC0-301F-11D3-BF4B-00C04F79EFBC}") = "PairsByDifference", "PairsByDifference\PairsByDifference.csproj", "{006A7959-56CB-44CC-B193-0FA465B619FD}"
EndProject
Project("{FAE04EC0-301F-11D3-BF4B-00C04F79EFBC}") = "EqualSums", "EqualSums\EqualSums.csproj", "{AFE4C1DA-8DB7-4FB5-B34B-DBD2CA3E469F}"
EndProject
Project("{FAE04EC0-301F-11D3-BF4B-00C04F79EFBC}") = "MostFrequentNumber", "MostFrequentNumber\MostFrequentNumber.csproj", "{1EB64DC3-1BF7-4CA8-8628-28081FE5D5BD}"
EndProject
Project("{FAE04EC0-301F-11D3-BF4B-00C04F79EFBC}") = "ArrayManipulator", "ArrayManipulator\ArrayManipulator.csproj", "{1C87FEB8-7F65-497C-9A28-41A237127BC7}"
EndProject
Project("{FAE04EC0-301F-11D3-BF4B-00C04F79EFBC}") = "SumReversedNumbers", "SumReversedNumbers\SumReversedNumbers.csproj", "{56D98788-C7DC-4D65-890A-E64A8246256D}"
EndProject
Global
	GlobalSection(SolutionConfigurationPlatforms) = preSolution
		Debug|Any CPU = Debug|Any CPU
		Release|Any CPU = Release|Any CPU
	EndGlobalSection
	GlobalSection(ProjectConfigurationPlatforms) = postSolution
		{5ED5779E-C00E-43E4-A700-8E403F380B61}.Debug|Any CPU.ActiveCfg = Debug|Any CPU
		{5ED5779E-C00E-43E4-A700-8E403F380B61}.Debug|Any CPU.Build.0 = Debug|Any CPU
		{5ED5779E-C00E-43E4-A700-8E403F380B61}.Release|Any CPU.ActiveCfg = Release|Any CPU
		{5ED5779E-C00E-43E4-A700-8E403F380B61}.Release|Any CPU.Build.0 = Release|Any CPU
		{9B03B88F-07EA-43AA-953B-B3BCE6BA42DC}.Debug|Any CPU.ActiveCfg = Debug|Any CPU
		{9B03B88F-07EA-43AA-953B-B3BCE6BA42DC}.Debug|Any CPU.Build.0 = Debug|Any CPU
		{9B03B88F-07EA-43AA-953B-B3BCE6BA42DC}.Release|Any CPU.ActiveCfg = Release|Any CPU
		{9B03B88F-07EA-43AA-953B-B3BCE6BA42DC}.Release|Any CPU.Build.0 = Release|Any CPU
		{9415CB29-4231-41D1-866B-A05BEC284B82}.Debug|Any CPU.ActiveCfg = Debug|Any CPU
		{9415CB29-4231-41D1-866B-A05BEC284B82}.Debug|Any CPU.Build.0 = Debug|Any CPU
		{9415CB29-4231-41D1-866B-A05BEC284B82}.Release|Any CPU.ActiveCfg = Release|Any CPU
		{9415CB29-4231-41D1-866B-A05BEC284B82}.Release|Any CPU.Build.0 = Release|Any CPU
		{78EE3CCB-71E5-40DE-B3DE-FE75250F2262}.Debug|Any CPU.ActiveCfg = Debug|Any CPU
		{78EE3CCB-71E5-40DE-B3DE-FE75250F2262}.Debug|Any CPU.Build.0 = Debug|Any CPU
		{78EE3CCB-71E5-40DE-B3DE-FE75250F2262}.Release|Any CPU.ActiveCfg = Release|Any CPU
		{78EE3CCB-71E5-40DE-B3DE-FE75250F2262}.Release|Any CPU.Build.0 = Release|Any CPU
		{EF210AFB-8D7C-43D5-BA2C-37248A40E14A}.Debug|Any CPU.ActiveCfg = Debug|Any CPU
		{EF210AFB-8D7C-43D5-BA2C-37248A40E14A}.Debug|Any CPU.Build.0 = Debug|Any CPU
		{EF210AFB-8D7C-43D5-BA2C-37248A40E14A}.Release|Any CPU.ActiveCfg = Release|Any CPU
		{EF210AFB-8D7C-43D5-BA2C-37248A40E14A}.Release|Any CPU.Build.0 = Release|Any CPU
		{BC4BC0BA-819D-405F-972A-68346B62C8D4}.Debug|Any CPU.ActiveCfg = Debug|Any CPU
		{BC4BC0BA-819D-405F-972A-68346B62C8D4}.Debug|Any CPU.Build.0 = Debug|Any CPU
		{BC4BC0BA-819D-405F-972A-68346B62C8D4}.Release|Any CPU.ActiveCfg = Release|Any CPU
		{BC4BC0BA-819D-405F-972A-68346B62C8D4}.Release|Any CPU.Build.0 = Release|Any CPU
		{006A7959-56CB-44CC-B193-0FA465B619FD}.Debug|Any CPU.ActiveCfg = Debug|Any CPU
		{006A7959-56CB-44CC-B193-0FA465B619FD}.Debug|Any CPU.Build.0 = Debug|Any CPU
		{006A7959-56CB-44CC-B193-0FA465B619FD}.Release|Any CPU.ActiveCfg = Release|Any CPU
		{006A7959-56CB-44CC-B193-0FA465B619FD}.Release|Any CPU.Build.0 = Release|Any CPU
		{AFE4C1DA-8DB7-4FB5-B34B-DBD2CA3E469F}.Debug|Any CPU.ActiveCfg = Debug|Any CPU
		{AFE4C1DA-8DB7-4FB5-B34B-DBD2CA3E469F}.Debug|Any CPU.Build.0 = Debug|Any CPU
		{AFE4C1DA-8DB7-4FB5-B34B-DBD2CA3E469F}.Release|Any CPU.ActiveCfg = Release|Any CPU
		{AFE4C1DA-8DB7-4FB5-B34B-DBD2CA3E469F}.Release|Any CPU.Build.0 = Release|Any CPU
		{1EB64DC3-1BF7-4CA8-8628-28081FE5D5BD}.Debug|Any CPU.ActiveCfg = Debug|Any CPU
		{1EB64DC3-1BF7-4CA8-8628-28081FE5D5BD}.Debug|Any CPU.Build.0 = Debug|Any CPU
		{1EB64DC3-1BF7-4CA8-8628-28081FE5D5BD}.Release|Any CPU.ActiveCfg = Release|Any CPU
		{1EB64DC3-1BF7-4CA8-8628-28081FE5D5BD}.Release|Any CPU.Build.0 = Release|Any CPU
		{1C87FEB8-7F65-497C-9A28-41A237127BC7}.Debug|Any CPU.ActiveCfg = Debug|Any CPU
		{1C87FEB8-7F65-497C-9A28-41A237127BC7}.Debug|Any CPU.Build.0 = Debug|Any CPU
		{1C87FEB8-7F65-497C-9A28-41A237127BC7}.Release|Any CPU.ActiveCfg = Release|Any CPU
		{1C87FEB8-7F65-497C-9A28-41A237127BC7}.Release|Any CPU.Build.0 = Release|Any CPU
		{56D98788-C7DC-4D65-890A-E64A8246256D}.Debug|Any CPU.ActiveCfg = Debug|Any CPU
		{56D98788-C7DC-4D65-890A-E64A8246256D}.Debug|Any CPU.Build.0 = Debug|Any CPU
		{56D98788-C7DC-4D65-890A-E64A8246256D}.Release|Any CPU.ActiveCfg = Release|Any CPU
		{56D98788-C7DC-4D65-890A-E64A8246256D}.Release|Any CPU.Build.0 = Release|Any CPU
	EndGlobalSection
	GlobalSection(SolutionProperties) = preSolution
		HideSolutionNode = FALSE
	EndGlobalSection
EndGlobal
